
Microsoft Visual Studio Solution File, Format Version 12.00
# Visual Studio Version 17
VisualStudioVersion = 17.8.34525.116
MinimumVisualStudioVersion = 10.0.40219.1
Project("{FAE04EC0-301F-11D3-BF4B-00C04F79EFBC}") = "LaboratorioFinal", "LaboratorioFinal\LaboratorioFinal.csproj", "{50DD6B1E-12A3-48CA-832B-56BBD8478FD0}"
EndProject
Global
	GlobalSection(SolutionConfigurationPlatforms) = preSolution
		Debug|Any CPU = Debug|Any CPU
		Release|Any CPU = Release|Any CPU
	EndGlobalSection
	GlobalSection(ProjectConfigurationPlatforms) = postSolution
		{50DD6B1E-12A3-48CA-832B-56BBD8478FD0}.Debug|Any CPU.ActiveCfg = Debug|Any CPU
		{50DD6B1E-12A3-48CA-832B-56BBD8478FD0}.Debug|Any CPU.Build.0 = Debug|Any CPU
		{50DD6B1E-12A3-48CA-832B-56BBD8478FD0}.Release|Any CPU.ActiveCfg = Release|Any CPU
		{50DD6B1E-12A3-48CA-832B-56BBD8478FD0}.Release|Any CPU.Build.0 = Release|Any CPU
	EndGlobalSection
	GlobalSection(SolutionProperties) = preSolution
		HideSolutionNode = FALSE
	EndGlobalSection
	GlobalSection(ExtensibilityGlobals) = postSolution
		SolutionGuid = {0BAC223E-CF50-4461-A83C-6426AF5AEEFC}
	EndGlobalSection
EndGlobal
